Microsoft Visual Studio Solution File, Format Version 12.00
# Visual Studio 2012
Project("{FAE04EC0-301F-11D3-BF4B-00C04F79EFBC}") = "rouge3c", "rouge3c.csproj", "{814567AE-7E4C-4398-9753-E713CBAE92AB}"
EndProject
Global
	GlobalSection(SolutionConfigurationPlatforms) = preSolution
	Debug|Any CPU = Debug|Any CPU
	ExportDebug|Any CPU = ExportDebug|Any CPU
	ExportRelease|Any CPU = ExportRelease|Any CPU
	EndGlobalSection
	GlobalSection(ProjectConfigurationPlatforms) = postSolution
		{814567AE-7E4C-4398-9753-E713CBAE92AB}.Debug|Any CPU.ActiveCfg = Debug|Any CPU
		{814567AE-7E4C-4398-9753-E713CBAE92AB}.Debug|Any CPU.Build.0 = Debug|Any CPU
		{814567AE-7E4C-4398-9753-E713CBAE92AB}.ExportDebug|Any CPU.ActiveCfg = ExportDebug|Any CPU
		{814567AE-7E4C-4398-9753-E713CBAE92AB}.ExportDebug|Any CPU.Build.0 = ExportDebug|Any CPU
		{814567AE-7E4C-4398-9753-E713CBAE92AB}.ExportRelease|Any CPU.ActiveCfg = ExportRelease|Any CPU
		{814567AE-7E4C-4398-9753-E713CBAE92AB}.ExportRelease|Any CPU.Build.0 = ExportRelease|Any CPU
	EndGlobalSection
EndGlobal
